
Microsoft Visual Studio Solution File, Format Version 12.00
# Visual Studio Version 17
VisualStudioVersion = 17.3.32901.215
MinimumVisualStudioVersion = 10.0.40219.1
Project("{FAE04EC0-301F-11D3-BF4B-00C04F79EFBC}") = "FINALE", "FINALE\FINALE.csproj", "{CEFE19B2-D698-49AB-BF48-4B5149375FFE}"
EndProject
Global
	GlobalSection(SolutionConfigurationPlatforms) = preSolution
		Debug|Any CPU = Debug|Any CPU
		Release|Any CPU = Release|Any CPU
	EndGlobalSection
	GlobalSection(ProjectConfigurationPlatforms) = postSolution
		{CEFE19B2-D698-49AB-BF48-4B5149375FFE}.Debug|Any CPU.ActiveCfg = Debug|Any CPU
		{CEFE19B2-D698-49AB-BF48-4B5149375FFE}.Debug|Any CPU.Build.0 = Debug|Any CPU
		{CEFE19B2-D698-49AB-BF48-4B5149375FFE}.Release|Any CPU.ActiveCfg = Release|Any CPU
		{CEFE19B2-D698-49AB-BF48-4B5149375FFE}.Release|Any CPU.Build.0 = Release|Any CPU
	EndGlobalSection
	GlobalSection(SolutionProperties) = preSolution
		HideSolutionNode = FALSE
	EndGlobalSection
	GlobalSection(ExtensibilityGlobals) = postSolution
		SolutionGuid = {3D5C6C68-9CC0-4BFC-A824-AA9ECEE2A4CC}
	EndGlobalSection
EndGlobal
