
Microsoft Visual Studio Solution File, Format Version 12.00
# Visual Studio Version 17
VisualStudioVersion = 17.4.33122.133
MinimumVisualStudioVersion = 10.0.40219.1
Project("{FAE04EC0-301F-11D3-BF4B-00C04F79EFBC}") = "IA-Alcohol", "IA-Alcohol.csproj", "{863EEBE5-A04C-45D0-985D-CAEDD916C1AB}"
EndProject
Project("{FAE04EC0-301F-11D3-BF4B-00C04F79EFBC}") = "WaveMoves", "..\WaveMoves\WaveMoves.csproj", "{E6DD74EA-C613-451F-A426-C7208AB9066F}"
EndProject
Global
	GlobalSection(SolutionConfigurationPlatforms) = preSolution
		Debug|Any CPU = Debug|Any CPU
		Release|Any CPU = Release|Any CPU
	EndGlobalSection
	GlobalSection(ProjectConfigurationPlatforms) = postSolution
		{863EEBE5-A04C-45D0-985D-CAEDD916C1AB}.Debug|Any CPU.ActiveCfg = Debug|Any CPU
		{863EEBE5-A04C-45D0-985D-CAEDD916C1AB}.Debug|Any CPU.Build.0 = Debug|Any CPU
		{863EEBE5-A04C-45D0-985D-CAEDD916C1AB}.Release|Any CPU.ActiveCfg = Release|Any CPU
		{863EEBE5-A04C-45D0-985D-CAEDD916C1AB}.Release|Any CPU.Build.0 = Release|Any CPU
		{E6DD74EA-C613-451F-A426-C7208AB9066F}.Debug|Any CPU.ActiveCfg = Debug|Any CPU
		{E6DD74EA-C613-451F-A426-C7208AB9066F}.Debug|Any CPU.Build.0 = Debug|Any CPU
		{E6DD74EA-C613-451F-A426-C7208AB9066F}.Release|Any CPU.ActiveCfg = Release|Any CPU
		{E6DD74EA-C613-451F-A426-C7208AB9066F}.Release|Any CPU.Build.0 = Release|Any CPU
	EndGlobalSection
	GlobalSection(SolutionProperties) = preSolution
		HideSolutionNode = FALSE
	EndGlobalSection
	GlobalSection(ExtensibilityGlobals) = postSolution
		SolutionGuid = {3A178DEF-7913-4214-82E8-62793B9FF2D3}
	EndGlobalSection
EndGlobal
